
Microsoft Visual Studio Solution File, Format Version 12.00
# Visual Studio Version 17
VisualStudioVersion = 17.1.32421.90
MinimumVisualStudioVersion = 10.0.40219.1
Project("{9A19103F-16F7-4668-BE54-9A1E7A4F7556}") = "DataInstellen", "FitnessCentra.StartUp\DataInstellen.csproj", "{B5278DD0-4519-4032-9995-483D12FA1B8D}"
EndProject
Project("{9A19103F-16F7-4668-BE54-9A1E7A4F7556}") = "FitnessCentra.Domain", "FitnessCentra.Domain\FitnessCentra.Domain.csproj", "{56BD7656-20BE-49A4-B578-4DEB23A6E3B0}"
EndProject
Project("{9A19103F-16F7-4668-BE54-9A1E7A4F7556}") = "FitnessCentra.Persictance", "FitnessCentra.Persictance\FitnessCentra.Persictance.csproj", "{542B49AC-C755-4854-AFFD-DCB637D498DD}"
EndProject
Project("{9A19103F-16F7-4668-BE54-9A1E7A4F7556}") = "FitnessCentra.PresentationWPF", "FitnessCentra.PresentationWPF\FitnessCentra.PresentationWPF.csproj", "{C619A928-DC0E-4E42-97F2-BD6B3E965031}"
EndProject
Project("{9A19103F-16F7-4668-BE54-9A1E7A4F7556}") = "FitnessCentra.DomainTests", "FitnessCentra.DomainTests\FitnessCentra.DomainTests.csproj", "{B0E316DF-60A8-41BB-BDB9-BF2783CB3496}"
EndProject
Global
	GlobalSection(SolutionConfigurationPlatforms) = preSolution
		Debug|Any CPU = Debug|Any CPU
		Release|Any CPU = Release|Any CPU
	EndGlobalSection
	GlobalSection(ProjectConfigurationPlatforms) = postSolution
		{B5278DD0-4519-4032-9995-483D12FA1B8D}.Debug|Any CPU.ActiveCfg = Debug|Any CPU
		{B5278DD0-4519-4032-9995-483D12FA1B8D}.Debug|Any CPU.Build.0 = Debug|Any CPU
		{B5278DD0-4519-4032-9995-483D12FA1B8D}.Release|Any CPU.ActiveCfg = Release|Any CPU
		{B5278DD0-4519-4032-9995-483D12FA1B8D}.Release|Any CPU.Build.0 = Release|Any CPU
		{56BD7656-20BE-49A4-B578-4DEB23A6E3B0}.Debug|Any CPU.ActiveCfg = Debug|Any CPU
		{56BD7656-20BE-49A4-B578-4DEB23A6E3B0}.Debug|Any CPU.Build.0 = Debug|Any CPU
		{56BD7656-20BE-49A4-B578-4DEB23A6E3B0}.Release|Any CPU.ActiveCfg = Release|Any CPU
		{56BD7656-20BE-49A4-B578-4DEB23A6E3B0}.Release|Any CPU.Build.0 = Release|Any CPU
		{542B49AC-C755-4854-AFFD-DCB637D498DD}.Debug|Any CPU.ActiveCfg = Debug|Any CPU
		{542B49AC-C755-4854-AFFD-DCB637D498DD}.Debug|Any CPU.Build.0 = Debug|Any CPU
		{542B49AC-C755-4854-AFFD-DCB637D498DD}.Release|Any CPU.ActiveCfg = Release|Any CPU
		{542B49AC-C755-4854-AFFD-DCB637D498DD}.Release|Any CPU.Build.0 = Release|Any CPU
		{C619A928-DC0E-4E42-97F2-BD6B3E965031}.Debug|Any CPU.ActiveCfg = Debug|Any CPU
		{C619A928-DC0E-4E42-97F2-BD6B3E965031}.Debug|Any CPU.Build.0 = Debug|Any CPU
		{C619A928-DC0E-4E42-97F2-BD6B3E965031}.Release|Any CPU.ActiveCfg = Release|Any CPU
		{C619A928-DC0E-4E42-97F2-BD6B3E965031}.Release|Any CPU.Build.0 = Release|Any CPU
		{B0E316DF-60A8-41BB-BDB9-BF2783CB3496}.Debug|Any CPU.ActiveCfg = Debug|Any CPU
		{B0E316DF-60A8-41BB-BDB9-BF2783CB3496}.Debug|Any CPU.Build.0 = Debug|Any CPU
		{B0E316DF-60A8-41BB-BDB9-BF2783CB3496}.Release|Any CPU.ActiveCfg = Release|Any CPU
		{B0E316DF-60A8-41BB-BDB9-BF2783CB3496}.Release|Any CPU.Build.0 = Release|Any CPU
	EndGlobalSection
	GlobalSection(SolutionProperties) = preSolution
		HideSolutionNode = FALSE
	EndGlobalSection
	GlobalSection(ExtensibilityGlobals) = postSolution
		SolutionGuid = {D18C4CEF-B501-4710-87FF-05D4AC0A745D}
	EndGlobalSection
EndGlobal
